
Microsoft Visual Studio Solution File, Format Version 12.00
# Visual Studio Version 16
VisualStudioVersion = 16.0.29021.104
MinimumVisualStudioVersion = 10.0.40219.1
Project("{E53339B2-1760-4266-BCC7-CA923CBCF16C}") = "docker-compose", "docker-compose.dcproj", "{7B067021-435B-479A-A8CB-7DC831134DCA}"
EndProject
Project("{9A19103F-16F7-4668-BE54-9A1E7A4F7556}") = "ordering", "services\ordering\ordering.csproj", "{D0A98687-F25B-46E8-8283-C74920C07E6C}"
EndProject
Project("{9A19103F-16F7-4668-BE54-9A1E7A4F7556}") = "ServiceDiscovery", "common\infrastructure\ServiceDiscovery\ServiceDiscovery.csproj", "{91234B62-2ECF-4BF5-9632-6AD3E7470A87}"
EndProject
Project("{FAE04EC0-301F-11D3-BF4B-00C04F79EFBC}") = "apigateway", "api.gateway\apigateway\apigateway.csproj", "{B4CC2A69-9F7F-4242-8D0F-82AD3BC44A32}"
EndProject
Global
	GlobalSection(SolutionConfigurationPlatforms) = preSolution
		Debug|Any CPU = Debug|Any CPU
		Release|Any CPU = Release|Any CPU
	EndGlobalSection
	GlobalSection(ProjectConfigurationPlatforms) = postSolution
		{7B067021-435B-479A-A8CB-7DC831134DCA}.Debug|Any CPU.ActiveCfg = Debug|Any CPU
		{7B067021-435B-479A-A8CB-7DC831134DCA}.Debug|Any CPU.Build.0 = Debug|Any CPU
		{7B067021-435B-479A-A8CB-7DC831134DCA}.Release|Any CPU.ActiveCfg = Release|Any CPU
		{7B067021-435B-479A-A8CB-7DC831134DCA}.Release|Any CPU.Build.0 = Release|Any CPU
		{D0A98687-F25B-46E8-8283-C74920C07E6C}.Debug|Any CPU.ActiveCfg = Debug|Any CPU
		{D0A98687-F25B-46E8-8283-C74920C07E6C}.Debug|Any CPU.Build.0 = Debug|Any CPU
		{D0A98687-F25B-46E8-8283-C74920C07E6C}.Release|Any CPU.ActiveCfg = Release|Any CPU
		{D0A98687-F25B-46E8-8283-C74920C07E6C}.Release|Any CPU.Build.0 = Release|Any CPU
		{91234B62-2ECF-4BF5-9632-6AD3E7470A87}.Debug|Any CPU.ActiveCfg = Debug|Any CPU
		{91234B62-2ECF-4BF5-9632-6AD3E7470A87}.Debug|Any CPU.Build.0 = Debug|Any CPU
		{91234B62-2ECF-4BF5-9632-6AD3E7470A87}.Release|Any CPU.ActiveCfg = Release|Any CPU
		{91234B62-2ECF-4BF5-9632-6AD3E7470A87}.Release|Any CPU.Build.0 = Release|Any CPU
		{B4CC2A69-9F7F-4242-8D0F-82AD3BC44A32}.Debug|Any CPU.ActiveCfg = Debug|Any CPU
		{B4CC2A69-9F7F-4242-8D0F-82AD3BC44A32}.Debug|Any CPU.Build.0 = Debug|Any CPU
		{B4CC2A69-9F7F-4242-8D0F-82AD3BC44A32}.Release|Any CPU.ActiveCfg = Release|Any CPU
		{B4CC2A69-9F7F-4242-8D0F-82AD3BC44A32}.Release|Any CPU.Build.0 = Release|Any CPU
	EndGlobalSection
	GlobalSection(SolutionProperties) = preSolution
		HideSolutionNode = FALSE
	EndGlobalSection
	GlobalSection(ExtensibilityGlobals) = postSolution
		SolutionGuid = {B424887F-C7EF-434D-9E37-0A7F3088D308}
	EndGlobalSection
EndGlobal
